// !$*UTF8*$!
{
	archiveVersion = 1;
	classes = {
	};
	objectVersion = 50;
	objects = {

/* Begin PBXBuildFile section */
		F1378E27245F17310005E2EC /* AppDelegate.swift in Sources */ = {isa = PBXBuildFile; fileRef = F1378E26245F17310005E2EC /* AppDelegate.swift */; };
		F1378E29245F17310005E2EC /* SceneDelegate.swift in Sources */ = {isa = PBXBuildFile; fileRef = F1378E28245F17310005E2EC /* SceneDelegate.swift */; };
		F1378E2B245F17310005E2EC /* ContentView.swift in Sources */ = {isa = PBXBuildFile; fileRef = F1378E2A245F17310005E2EC /* ContentView.swift */; };
		F1378E2D245F17360005E2EC /* Assets.xcassets in Resources */ = {isa = PBXBuildFile; fileRef = F1378E2C245F17360005E2EC /* Assets.xcassets */; };
		F1378E30245F17360005E2EC /* Preview Assets.xcassets in Resources */ = {isa = PBXBuildFile; fileRef = F1378E2F245F17360005E2EC /* Preview Assets.xcassets */; };
		F1378E33245F17360005E2EC /* LaunchScreen.storyboard in Resources */ = {isa = PBXBuildFile; fileRef = F1378E31245F17360005E2EC /* LaunchScreen.storyboard */; };
		F1CAB305245FAD7200DD79D8 /* Tutor.swift in Sources */ = {isa = PBXBuildFile; fileRef = F1CAB304245FAD7200DD79D8 /* Tutor.swift */; };
		F1CAB309245FAE7B00DD79D8 /* Tutor.xcassets in Resources */ = {isa = PBXBuildFile; fileRef = F1CAB308245FAE7B00DD79D8 /* Tutor.xcassets */; };
		F1CAB30B245FC16100DD79D8 /* TutorDetail.swift in Sources */ = {isa = PBXBuildFile; fileRef = F1CAB30A245FC16100DD79D8 /* TutorDetail.swift */; };
/* End PBXBuildFile section */

/* Begin PBXFileReference section */
		F1378E23245F17310005E2EC /* Simple_Table_View.app */ = {isa = PBXFileReference; explicitFileType = wrapper.application; includeInIndex = 0; path = Simple_Table_View.app; sourceTree = BUILT_PRODUCTS_DIR; };
		F1378E26245F17310005E2EC /* AppDelegate.swift */ = {isa = PBXFileReference; lastKnownFileType = sourcecode.swift; path = AppDelegate.swift; sourceTree = "<group>"; };
		F1378E28245F17310005E2EC /* SceneDelegate.swift */ = {isa = PBXFileReference; lastKnownFileType = sourcecode.swift; path = SceneDelegate.swift; sourceTree = "<group>"; };
		F1378E2A245F17310005E2EC /* ContentView.swift */ = {isa = PBXFileReference; lastKnownFileType = sourcecode.swift; path = ContentView.swift; sourceTree = "<group>"; };
		F1378E2C245F17360005E2EC /* Assets.xcassets */ = {isa = PBXFileReference; lastKnownFileType = folder.assetcatalog; path = Assets.xcassets; sourceTree = "<group>"; };
		F1378E2F245F17360005E2EC /* Preview Assets.xcassets */ = {isa = PBXFileReference; lastKnownFileType = folder.assetcatalog; path = "Preview Assets.xcassets"; sourceTree = "<group>"; };
		F1378E32245F17360005E2EC /* Base */ = {isa = PBXFileReference; lastKnownFileType = file.storyboard; name = Base; path = Base.lproj/LaunchScreen.storyboard; sourceTree = "<group>"; };
		F1378E34245F17360005E2EC /* Info.plist */ = {isa = PBXFileReference; lastKnownFileType = text.plist.xml; path = Info.plist; sourceTree = "<group>"; };
		F1CAB304245FAD7200DD79D8 /* Tutor.swift */ = {isa = PBXFileReference; fileEncoding = 4; lastKnownFileType = sourcecode.swift; path = Tutor.swift; sourceTree = "<group>"; };
		F1CAB308245FAE7B00DD79D8 /* Tutor.xcassets */ = {isa = PBXFileReference; lastKnownFileType = folder.assetcatalog; path = Tutor.xcassets; sourceTree = "<group>"; };
		F1CAB30A245FC16100DD79D8 /* TutorDetail.swift */ = {isa = PBXFileReference; lastKnownFileType = sourcecode.swift; path = TutorDetail.swift; sourceTree = "<group>"; };
/* End PBXFileReference section */

/* Begin PBXFrameworksBuildPhase section */
		F1378E20245F17310005E2EC /* Frameworks */ = {
			isa = PBXFrameworksBuildPhase;
			buildActionMask = 2147483647;
			files = (
			);
			runOnlyForDeploymentPostprocessing = 0;
		};
/* End PBXFrameworksBuildPhase section */

/* Begin PBXGroup section */
		F1378E1A245F17310005E2EC = {
			isa = PBXGroup;
			children = (
				F1378E25245F17310005E2EC /* Simple_Table_View */,
				F1378E24245F17310005E2EC /* Products */,
			);
			sourceTree = "<group>";
		};
		F1378E24245F17310005E2EC /* Products */ = {
			isa = PBXGroup;
			children = (
				F1378E23245F17310005E2EC /* Simple_Table_View.app */,
			);
			name = Products;
			sourceTree = "<group>";
		};
		F1378E25245F17310005E2EC /* Simple_Table_View */ = {
			isa = PBXGroup;
			children = (
				F1378E26245F17310005E2EC /* AppDelegate.swift */,
				F1CAB304245FAD7200DD79D8 /* Tutor.swift */,
				F1378E28245F17310005E2EC /* SceneDelegate.swift */,
				F1378E2A245F17310005E2EC /* ContentView.swift */,
				F1CAB30A245FC16100DD79D8 /* TutorDetail.swift */,
				F1378E2C245F17360005E2EC /* Assets.xcassets */,
				F1CAB308245FAE7B00DD79D8 /* Tutor.xcassets */,
				F1378E31245F17360005E2EC /* LaunchScreen.storyboard */,
				F1378E34245F17360005E2EC /* Info.plist */,
				F1378E2E245F17360005E2EC /* Preview Content */,
			);
			path = Simple_Table_View;
			sourceTree = "<group>";
		};
		F1378E2E245F17360005E2EC /* Preview Content */ = {
			isa = PBXGroup;
			children = (
				F1378E2F245F17360005E2EC /* Preview Assets.xcassets */,
			);
			path = "Preview Content";
			sourceTree = "<group>";
		};
/* End PBXGroup section */

/* Begin PBXNativeTarget section */
		F1378E22245F17310005E2EC /* Simple_Table_View */ = {
			isa = PBXNativeTarget;
			buildConfigurationList = F1378E37245F17360005E2EC /* Build configuration list for PBXNativeTarget "Simple_Table_View" */;
			buildPhases = (
				F1378E1F245F17310005E2EC /* Sources */,
				F1378E20245F17310005E2EC /* Frameworks */,
				F1378E21245F17310005E2EC /* Resources */,
			);
			buildRules = (
			);
			dependencies = (
			);
			name = Simple_Table_View;
			productName = Simple_Table_View;
			productReference = F1378E23245F17310005E2EC /* Simple_Table_View.app */;
			productType = "com.apple.product-type.application";
		};
/* End PBXNativeTarget section */

/* Begin PBXProject section */
		F1378E1B245F17310005E2EC /* Project object */ = {
			isa = PBXProject;
			attributes = {
				LastSwiftUpdateCheck = 1130;
				LastUpgradeCheck = 1130;
				ORGANIZATIONNAME = "алтынпончик";
				TargetAttributes = {
					F1378E22245F17310005E2EC = {
						CreatedOnToolsVersion = 11.3.1;
					};
				};
			};
			buildConfigurationList = F1378E1E245F17310005E2EC /* Build configuration list for PBXProject "Simple_Table_View" */;
			compatibilityVersion = "Xcode 9.3";
			developmentRegion = en;
			hasScannedForEncodings = 0;
			knownRegions = (
				en,
				Base,
			);
			mainGroup = F1378E1A245F17310005E2EC;
			productRefGroup = F1378E24245F17310005E2EC /* Products */;
			projectDirPath = "";
			projectRoot = "";
			targets = (
				F1378E22245F17310005E2EC /* Simple_Table_View */,
			);
		};
/* End PBXProject section */

/* Begin PBXResourcesBuildPhase section */
		F1378E21245F17310005E2EC /* Resources */ = {
			isa = PBXResourcesBuildPhase;
			buildActionMask = 2147483647;
			files = (
				F1CAB309245FAE7B00DD79D8 /* Tutor.xcassets in Resources */,
				F1378E33245F17360005E2EC /* LaunchScreen.storyboard in Resources */,
				F1378E30245F17360005E2EC /* Preview Assets.xcassets in Resources */,
				F1378E2D245F17360005E2EC /* Assets.xcassets in Resources */,
			);
			runOnlyForDeploymentPostprocessing = 0;
		};
/* End PBXResourcesBuildPhase section */

/* Begin PBXSourcesBuildPhase section */
		F1378E1F245F17310005E2EC /* Sources */ = {
			isa = PBXSourcesBuildPhase;
			buildActionMask = 2147483647;
			files = (
				F1CAB305245FAD7200DD79D8 /* Tutor.swift in Sources */,
				F1CAB30B245FC16100DD79D8 /* TutorDetail.swift in Sources */,
				F1378E27245F17310005E2EC /* AppDelegate.swift in Sources */,
				F1378E29245F17310005E2EC /* SceneDelegate.swift in Sources */,
				F1378E2B245F17310005E2EC /* ContentView.swift in Sources */,
			);
			runOnlyForDeploymentPostprocessing = 0;
		};
/* End PBXSourcesBuildPhase section */

/* Begin PBXVariantGroup section */
		F1378E31245F17360005E2EC /* LaunchScreen.storyboard */ = {
			isa = PBXVariantGroup;
			children = (
				F1378E32245F17360005E2EC /* Base */,
			);
			name = LaunchScreen.storyboard;
			sourceTree = "<group>";
		};
/* End PBXVariantGroup section */

/* Begin XCBuildConfiguration section */
		F1378E35245F17360005E2EC /* Debug */ = {
			isa = XCBuildConfiguration;
			buildSettings = {
				ALWAYS_SEARCH_USER_PATHS = NO;
				CLANG_ANALYZER_NONNULL = YES;
				CLANG_ANALYZER_NUMBER_OBJECT_CONVERSION = YES_AGGRESSIVE;
				CLANG_CXX_LANGUAGE_STANDARD = "gnu++14";
				CLANG_CXX_LIBRARY = "libc++";
				CLANG_ENABLE_MODULES = YES;
				CLANG_ENABLE_OBJC_ARC = YES;
				CLANG_ENABLE_OBJC_WEAK = YES;
				CLANG_WARN_BLOCK_CAPTURE_AUTORELEASING = YES;
				CLANG_WARN_BOOL_CONVERSION = YES;
				CLANG_WARN_COMMA = YES;
				CLANG_WARN_CONSTANT_CONVERSION = YES;
				CLANG_WARN_DEPRECATED_OBJC_IMPLEMENTATIONS = YES;
				CLANG_WARN_DIRECT_OBJC_ISA_USAGE = YES_ERROR;
				CLANG_WARN_DOCUMENTATION_COMMENTS = YES;
				CLANG_WARN_EMPTY_BODY = YES;
				CLANG_WARN_ENUM_CONVERSION = YES;
				CLANG_WARN_INFINITE_RECURSION = YES;
				CLANG_WARN_INT_CONVERSION = YES;
				CLANG_WARN_NON_LITERAL_NULL_CONVERSION = YES;
				CLANG_WARN_OBJC_IMPLICIT_RETAIN_SELF = YES;
				CLANG_WARN_OBJC_LITERAL_CONVERSION = YES;
				CLANG_WARN_OBJC_ROOT_CLASS = YES_ERROR;
				CLANG_WARN_RANGE_LOOP_ANALYSIS = YES;
				CLANG_WARN_STRICT_PROTOTYPES = YES;
				CLANG_WARN_SUSPICIOUS_MOVE = YES;
				CLANG_WARN_UNGUARDED_AVAILABILITY = YES_AGGRESSIVE;
				CLANG_WARN_UNREACHABLE_CODE = YES;
				CLANG_WARN__DUPLICATE_METHOD_MATCH = YES;
				COPY_PHASE_STRIP = NO;
				DEBUG_INFORMATION_FORMAT = dwarf;
				ENABLE_STRICT_OBJC_MSGSEND = YES;
				ENABLE_TESTABILITY = YES;
				GCC_C_LANGUAGE_STANDARD = gnu11;
				GCC_DYNAMIC_NO_PIC = NO;
				GCC_NO_COMMON_BLOCKS = YES;
				GCC_OPTIMIZATION_LEVEL = 0;
				GCC_PREPROCESSOR_DEFINITIONS = (
					"DEBUG=1",
					"$(inherited)",
				);
				GCC_WARN_64_TO_32_BIT_CONVERSION = YES;
				GCC_WARN_ABOUT_RETURN_TYPE = YES_ERROR;
				GCC_WARN_UNDECLARED_SELECTOR = YES;
				GCC_WARN_UNINITIALIZED_AUTOS = YES_AGGRESSIVE;
				GCC_WARN_UNUSED_FUNCTION = YES;
				GCC_WARN_UNUSED_VARIABLE = YES;
				IPHONEOS_DEPLOYMENT_TARGET = 13.2;
				MTL_ENABLE_DEBUG_INFO = INCLUDE_SOURCE;
				MTL_FAST_MATH = YES;
				ONLY_ACTIVE_ARCH = YES;
				SDKROOT = iphoneos;
				SWIFT_ACTIVE_COMPILATION_CONDITIONS = DEBUG;
				SWIFT_OPTIMIZATION_LEVEL = "-Onone";
			};
			name = Debug;
		};
		F1378E36245F17360005E2EC /* Release */ = {
			isa = XCBuildConfiguration;
			buildSettings = {
				ALWAYS_SEARCH_USER_PATHS = NO;
				CLANG_ANALYZER_NONNULL = YES;
				CLANG_ANALYZER_NUMBER_OBJECT_CONVERSION = YES_AGGRESSIVE;
				CLANG_CXX_LANGUAGE_STANDARD = "gnu++14";
				CLANG_CXX_LIBRARY = "libc++";
				CLANG_ENABLE_MODULES = YES;
				CLANG_ENABLE_OBJC_ARC = YES;
				CLANG_ENABLE_OBJC_WEAK = YES;
				CLANG_WARN_BLOCK_CAPTURE_AUTORELEASING = YES;
				CLANG_WARN_BOOL_CONVERSION = YES;
				CLANG_WARN_COMMA = YES;
				CLANG_WARN_CONSTANT_CONVERSION = YES;
				CLANG_WARN_DEPRECATED_OBJC_IMPLEMENTATIONS = YES;
				CLANG_WARN_DIRECT_OBJC_ISA_USAGE = YES_ERROR;
				CLANG_WARN_DOCUMENTATION_COMMENTS = YES;
				CLANG_WARN_EMPTY_BODY = YES;
				CLANG_WARN_ENUM_CONVERSION = YES;
				CLANG_WARN_INFINITE_RECURSION = YES;
				CLANG_WARN_INT_CONVERSION = YES;
				CLANG_WARN_NON_LITERAL_NULL_CONVERSION = YES;
				CLANG_WARN_OBJC_IMPLICIT_RETAIN_SELF = YES;
				CLANG_WARN_OBJC_LITERAL_CONVERSION = YES;
				CLANG_WARN_OBJC_ROOT_CLASS = YES_ERROR;
				CLANG_WARN_RANGE_LOOP_ANALYSIS = YES;
				CLANG_WARN_STRICT_PROTOTYPES = YES;
				CLANG_WARN_SUSPICIOUS_MOVE = YES;
				CLANG_WARN_UNGUARDED_AVAILABILITY = YES_AGGRESSIVE;
				CLANG_WARN_UNREACHABLE_CODE = YES;
				CLANG_WARN__DUPLICATE_METHOD_MATCH = YES;
				COPY_PHASE_STRIP = NO;
				DEBUG_INFORMATION_FORMAT = "dwarf-with-dsym";
				ENABLE_NS_ASSERTIONS = NO;
				ENABLE_STRICT_OBJC_MSGSEND = YES;
				GCC_C_LANGUAGE_STANDARD = gnu11;
				GCC_NO_COMMON_BLOCKS = YES;
				GCC_WARN_64_TO_32_BIT_CONVERSION = YES;
				GCC_WARN_ABOUT_RETURN_TYPE = YES_ERROR;
				GCC_WARN_UNDECLARED_SELECTOR = YES;
				GCC_WARN_UNINITIALIZED_AUTOS = YES_AGGRESSIVE;
				GCC_WARN_UNUSED_FUNCTION = YES;
				GCC_WARN_UNUSED_VARIABLE = YES;
				IPHONEOS_DEPLOYMENT_TARGET = 13.2;
				MTL_ENABLE_DEBUG_INFO = NO;
				MTL_FAST_MATH = YES;
				SDKROOT = iphoneos;
				SWIFT_COMPILATION_MODE = wholemodule;
				SWIFT_OPTIMIZATION_LEVEL = "-O";
				VALIDATE_PRODUCT = YES;
			};
			name = Release;
		};
		F1378E38245F17360005E2EC /* Debug */ = {
			isa = XCBuildConfiguration;
			buildSettings = {
				ASSETCATALOG_COMPILER_APPICON_NAME = AppIcon;
				CODE_SIGN_STYLE = Automatic;
				DEVELOPMENT_ASSET_PATHS = "\"Simple_Table_View/Preview Content\"";
				DEVELOPMENT_TEAM = 6JW3YQAPPF;
				ENABLE_PREVIEWS = YES;
				INFOPLIST_FILE = Simple_Table_View/Info.plist;
				LD_RUNPATH_SEARCH_PATHS = (
					"$(inherited)",
					"@executable_path/Frameworks",
				);
				PRODUCT_BUNDLE_IDENTIFIER = "com.myrzaboi.Simple-Table-View";
				PRODUCT_NAME = "$(TARGET_NAME)";
				SWIFT_VERSION = 5.0;
				TARGETED_DEVICE_FAMILY = "1,2";
			};
			name = Debug;
		};
		F1378E39245F17360005E2EC /* Release */ = {
			isa = XCBuildConfiguration;
			buildSettings = {
				ASSETCATALOG_COMPILER_APPICON_NAME = AppIcon;
				CODE_SIGN_STYLE = Automatic;
				DEVELOPMENT_ASSET_PATHS = "\"Simple_Table_View/Preview Content\"";
				DEVELOPMENT_TEAM = 6JW3YQAPPF;
				ENABLE_PREVIEWS = YES;
				INFOPLIST_FILE = Simple_Table_View/Info.plist;
				LD_RUNPATH_SEARCH_PATHS = (
					"$(inherited)",
					"@executable_path/Frameworks",
				);
				PRODUCT_BUNDLE_IDENTIFIER = "com.myrzaboi.Simple-Table-View";
				PRODUCT_NAME = "$(TARGET_NAME)";
				SWIFT_VERSION = 5.0;
				TARGETED_DEVICE_FAMILY = "1,2";
			};
			name = Release;
		};
/* End XCBuildConfiguration section */

/* Begin XCConfigurationList section */
		F1378E1E245F17310005E2EC /* Build configuration list for PBXProject "Simple_Table_View" */ = {
			isa = XCConfigurationList;
			buildConfigurations = (
				F1378E35245F17360005E2EC /* Debug */,
				F1378E36245F17360005E2EC /* Release */,
			);
			defaultConfigurationIsVisible = 0;
			defaultConfigurationName = Release;
		};
		F1378E37245F17360005E2EC /* Build configuration list for PBXNativeTarget "Simple_Table_View" */ = {
			isa = XCConfigurationList;
			buildConfigurations = (
				F1378E38245F17360005E2EC /* Debug */,
				F1378E39245F17360005E2EC /* Release */,
			);
			defaultConfigurationIsVisible = 0;
			defaultConfigurationName = Release;
		};
/* End XCConfigurationList section */
	};
	rootObject = F1378E1B245F17310005E2EC /* Project object */;
}
